
Microsoft Visual Studio Solution File, Format Version 12.00
# Visual Studio Version 17
VisualStudioVersion = 17.5.33424.131
MinimumVisualStudioVersion = 10.0.40219.1
Project("{FAE04EC0-301F-11D3-BF4B-00C04F79EFBC}") = "Lesson_7", "Lesson_7\Lesson_7.csproj", "{32ED81D2-E721-4DA3-847B-2747BD5A06D7}"
EndProject
Project("{FAE04EC0-301F-11D3-BF4B-00C04F79EFBC}") = "Lesson_7.6", "Lesson_7.6\Lesson_7.6.csproj", "{2DCD1C89-D8A2-4D53-B508-229CCD6E13E9}"
EndProject
Global
	GlobalSection(SolutionConfigurationPlatforms) = preSolution
		Debug|Any CPU = Debug|Any CPU
		Release|Any CPU = Release|Any CPU
	EndGlobalSection
	GlobalSection(ProjectConfigurationPlatforms) = postSolution
		{32ED81D2-E721-4DA3-847B-2747BD5A06D7}.Debug|Any CPU.ActiveCfg = Debug|Any CPU
		{32ED81D2-E721-4DA3-847B-2747BD5A06D7}.Debug|Any CPU.Build.0 = Debug|Any CPU
		{32ED81D2-E721-4DA3-847B-2747BD5A06D7}.Release|Any CPU.ActiveCfg = Release|Any CPU
		{32ED81D2-E721-4DA3-847B-2747BD5A06D7}.Release|Any CPU.Build.0 = Release|Any CPU
		{2DCD1C89-D8A2-4D53-B508-229CCD6E13E9}.Debug|Any CPU.ActiveCfg = Debug|Any CPU
		{2DCD1C89-D8A2-4D53-B508-229CCD6E13E9}.Debug|Any CPU.Build.0 = Debug|Any CPU
		{2DCD1C89-D8A2-4D53-B508-229CCD6E13E9}.Release|Any CPU.ActiveCfg = Release|Any CPU
		{2DCD1C89-D8A2-4D53-B508-229CCD6E13E9}.Release|Any CPU.Build.0 = Release|Any CPU
	EndGlobalSection
	GlobalSection(SolutionProperties) = preSolution
		HideSolutionNode = FALSE
	EndGlobalSection
	GlobalSection(ExtensibilityGlobals) = postSolution
		SolutionGuid = {410C13EC-28BD-4E7F-B7C8-5D3670C946DE}
	EndGlobalSection
EndGlobal
