
Microsoft Visual Studio Solution File, Format Version 12.00
# Visual Studio Version 17
VisualStudioVersion = 17.5.33424.131
MinimumVisualStudioVersion = 10.0.40219.1
Project("{FAE04EC0-301F-11D3-BF4B-00C04F79EFBC}") = "HomeWork_6", "ConsoleApp1\HomeWork_6.csproj", "{3555DAE8-285F-4CA2-A46D-10833B5B0C21}"
EndProject
Global
	GlobalSection(SolutionConfigurationPlatforms) = preSolution
		Debug|Any CPU = Debug|Any CPU
		Release|Any CPU = Release|Any CPU
	EndGlobalSection
	GlobalSection(ProjectConfigurationPlatforms) = postSolution
		{3555DAE8-285F-4CA2-A46D-10833B5B0C21}.Debug|Any CPU.ActiveCfg = Debug|Any CPU
		{3555DAE8-285F-4CA2-A46D-10833B5B0C21}.Debug|Any CPU.Build.0 = Debug|Any CPU
		{3555DAE8-285F-4CA2-A46D-10833B5B0C21}.Release|Any CPU.ActiveCfg = Release|Any CPU
		{3555DAE8-285F-4CA2-A46D-10833B5B0C21}.Release|Any CPU.Build.0 = Release|Any CPU
	EndGlobalSection
	GlobalSection(SolutionProperties) = preSolution
		HideSolutionNode = FALSE
	EndGlobalSection
	GlobalSection(ExtensibilityGlobals) = postSolution
		SolutionGuid = {3CFC5FE0-AC89-4327-82FD-4F0384FF5669}
	EndGlobalSection
EndGlobal
