
Microsoft Visual Studio Solution File, Format Version 12.00
# Visual Studio Version 17
VisualStudioVersion = 17.5.33424.131
MinimumVisualStudioVersion = 10.0.40219.1
Project("{FAE04EC0-301F-11D3-BF4B-00C04F79EFBC}") = "Lesson_8", "Lesson_8.csproj", "{05BCB20B-7C0E-4FFF-B3A8-E38B5080A6A8}"
EndProject
Global
	GlobalSection(SolutionConfigurationPlatforms) = preSolution
		Debug|Any CPU = Debug|Any CPU
		Release|Any CPU = Release|Any CPU
	EndGlobalSection
	GlobalSection(ProjectConfigurationPlatforms) = postSolution
		{05BCB20B-7C0E-4FFF-B3A8-E38B5080A6A8}.Debug|Any CPU.ActiveCfg = Debug|Any CPU
		{05BCB20B-7C0E-4FFF-B3A8-E38B5080A6A8}.Debug|Any CPU.Build.0 = Debug|Any CPU
		{05BCB20B-7C0E-4FFF-B3A8-E38B5080A6A8}.Release|Any CPU.ActiveCfg = Release|Any CPU
		{05BCB20B-7C0E-4FFF-B3A8-E38B5080A6A8}.Release|Any CPU.Build.0 = Release|Any CPU
	EndGlobalSection
	GlobalSection(SolutionProperties) = preSolution
		HideSolutionNode = FALSE
	EndGlobalSection
	GlobalSection(ExtensibilityGlobals) = postSolution
		SolutionGuid = {EF0E0E2E-BACF-4FF8-93D9-CF523413EEEC}
	EndGlobalSection
EndGlobal
