
Microsoft Visual Studio Solution File, Format Version 12.00
# Visual Studio Version 17
VisualStudioVersion = 17.5.33424.131
MinimumVisualStudioVersion = 10.0.40219.1
Project("{FAE04EC0-301F-11D3-BF4B-00C04F79EFBC}") = "HomeWork_3.1", "HomeWork_3\HomeWork_3.1.csproj", "{853C01E4-9602-40B2-A3C3-BC977FDA1AFE}"
EndProject
Project("{FAE04EC0-301F-11D3-BF4B-00C04F79EFBC}") = "HomeWork_3.2", "HomeWork_3.2\HomeWork_3.2.csproj", "{9F745A0C-448A-410E-8032-FC5EDA245FFE}"
EndProject
Project("{FAE04EC0-301F-11D3-BF4B-00C04F79EFBC}") = "HomeWork_3.3", "HomeWork_3.3\HomeWork_3.3.csproj", "{38EC53B4-29C5-4E77-A6BB-FF130FBA70D3}"
EndProject
Project("{FAE04EC0-301F-11D3-BF4B-00C04F79EFBC}") = "HomeWork_3.4", "HomeWork_3.4\HomeWork_3.4.csproj", "{18E81326-519F-456B-8083-0F0A08E3EAD2}"
EndProject
Project("{FAE04EC0-301F-11D3-BF4B-00C04F79EFBC}") = "HomeWork_3.5", "HomeWork_3.5\HomeWork_3.5.csproj", "{2A6B907D-2895-4619-A35C-43F8A4B8CB7E}"
EndProject
Global
	GlobalSection(SolutionConfigurationPlatforms) = preSolution
		Debug|Any CPU = Debug|Any CPU
		Release|Any CPU = Release|Any CPU
	EndGlobalSection
	GlobalSection(ProjectConfigurationPlatforms) = postSolution
		{853C01E4-9602-40B2-A3C3-BC977FDA1AFE}.Debug|Any CPU.ActiveCfg = Debug|Any CPU
		{853C01E4-9602-40B2-A3C3-BC977FDA1AFE}.Debug|Any CPU.Build.0 = Debug|Any CPU
		{853C01E4-9602-40B2-A3C3-BC977FDA1AFE}.Release|Any CPU.ActiveCfg = Release|Any CPU
		{853C01E4-9602-40B2-A3C3-BC977FDA1AFE}.Release|Any CPU.Build.0 = Release|Any CPU
		{9F745A0C-448A-410E-8032-FC5EDA245FFE}.Debug|Any CPU.ActiveCfg = Debug|Any CPU
		{9F745A0C-448A-410E-8032-FC5EDA245FFE}.Debug|Any CPU.Build.0 = Debug|Any CPU
		{9F745A0C-448A-410E-8032-FC5EDA245FFE}.Release|Any CPU.ActiveCfg = Release|Any CPU
		{9F745A0C-448A-410E-8032-FC5EDA245FFE}.Release|Any CPU.Build.0 = Release|Any CPU
		{38EC53B4-29C5-4E77-A6BB-FF130FBA70D3}.Debug|Any CPU.ActiveCfg = Debug|Any CPU
		{38EC53B4-29C5-4E77-A6BB-FF130FBA70D3}.Debug|Any CPU.Build.0 = Debug|Any CPU
		{38EC53B4-29C5-4E77-A6BB-FF130FBA70D3}.Release|Any CPU.ActiveCfg = Release|Any CPU
		{38EC53B4-29C5-4E77-A6BB-FF130FBA70D3}.Release|Any CPU.Build.0 = Release|Any CPU
		{18E81326-519F-456B-8083-0F0A08E3EAD2}.Debug|Any CPU.ActiveCfg = Debug|Any CPU
		{18E81326-519F-456B-8083-0F0A08E3EAD2}.Debug|Any CPU.Build.0 = Debug|Any CPU
		{18E81326-519F-456B-8083-0F0A08E3EAD2}.Release|Any CPU.ActiveCfg = Release|Any CPU
		{18E81326-519F-456B-8083-0F0A08E3EAD2}.Release|Any CPU.Build.0 = Release|Any CPU
		{2A6B907D-2895-4619-A35C-43F8A4B8CB7E}.Debug|Any CPU.ActiveCfg = Debug|Any CPU
		{2A6B907D-2895-4619-A35C-43F8A4B8CB7E}.Debug|Any CPU.Build.0 = Debug|Any CPU
		{2A6B907D-2895-4619-A35C-43F8A4B8CB7E}.Release|Any CPU.ActiveCfg = Release|Any CPU
		{2A6B907D-2895-4619-A35C-43F8A4B8CB7E}.Release|Any CPU.Build.0 = Release|Any CPU
	EndGlobalSection
	GlobalSection(SolutionProperties) = preSolution
		HideSolutionNode = FALSE
	EndGlobalSection
	GlobalSection(ExtensibilityGlobals) = postSolution
		SolutionGuid = {1E321D37-DE58-4679-ACBF-6631BFCB64DE}
	EndGlobalSection
EndGlobal
